
Microsoft Visual Studio Solution File, Format Version 12.00
# Visual Studio 14
VisualStudioVersion = 14.0.25420.1
MinimumVisualStudioVersion = 10.0.40219.1
Project("{FAE04EC0-301F-11D3-BF4B-00C04F79EFBC}") = "FunctionDrawer", "FunctionDrawer\FunctionDrawer.csproj", "{77DF7F8C-8AD9-4EF6-83A9-10D9A3C60753}"
EndProject
Project("{FAE04EC0-301F-11D3-BF4B-00C04F79EFBC}") = "FunctionDrawer.Tests", "FunctionDrawer.Tests\FunctionDrawer.Tests.csproj", "{7FAB4A65-25CE-4C7C-BF6A-721B14D41D6E}"
EndProject
Global
	GlobalSection(SolutionConfigurationPlatforms) = preSolution
		Debug|Any CPU = Debug|Any CPU
		Debug|x64 = Debug|x64
		Debug|x86 = Debug|x86
		Release|Any CPU = Release|Any CPU
		Release|x64 = Release|x64
		Release|x86 = Release|x86
	EndGlobalSection
	GlobalSection(ProjectConfigurationPlatforms) = postSolution
		{77DF7F8C-8AD9-4EF6-83A9-10D9A3C60753}.Debug|Any CPU.ActiveCfg = Debug|Any CPU
		{77DF7F8C-8AD9-4EF6-83A9-10D9A3C60753}.Debug|Any CPU.Build.0 = Debug|Any CPU
		{77DF7F8C-8AD9-4EF6-83A9-10D9A3C60753}.Debug|x64.ActiveCfg = Debug|Any CPU
		{77DF7F8C-8AD9-4EF6-83A9-10D9A3C60753}.Debug|x64.Build.0 = Debug|Any CPU
		{77DF7F8C-8AD9-4EF6-83A9-10D9A3C60753}.Debug|x86.ActiveCfg = Debug|Any CPU
		{77DF7F8C-8AD9-4EF6-83A9-10D9A3C60753}.Debug|x86.Build.0 = Debug|Any CPU
		{77DF7F8C-8AD9-4EF6-83A9-10D9A3C60753}.Release|Any CPU.ActiveCfg = Release|Any CPU
		{77DF7F8C-8AD9-4EF6-83A9-10D9A3C60753}.Release|Any CPU.Build.0 = Release|Any CPU
		{77DF7F8C-8AD9-4EF6-83A9-10D9A3C60753}.Release|x64.ActiveCfg = Release|Any CPU
		{77DF7F8C-8AD9-4EF6-83A9-10D9A3C60753}.Release|x64.Build.0 = Release|Any CPU
		{77DF7F8C-8AD9-4EF6-83A9-10D9A3C60753}.Release|x86.ActiveCfg = Release|Any CPU
		{77DF7F8C-8AD9-4EF6-83A9-10D9A3C60753}.Release|x86.Build.0 = Release|Any CPU
		{7FAB4A65-25CE-4C7C-BF6A-721B14D41D6E}.Debug|Any CPU.ActiveCfg = Debug|Any CPU
		{7FAB4A65-25CE-4C7C-BF6A-721B14D41D6E}.Debug|Any CPU.Build.0 = Debug|Any CPU
		{7FAB4A65-25CE-4C7C-BF6A-721B14D41D6E}.Debug|x64.ActiveCfg = Debug|Any CPU
		{7FAB4A65-25CE-4C7C-BF6A-721B14D41D6E}.Debug|x64.Build.0 = Debug|Any CPU
		{7FAB4A65-25CE-4C7C-BF6A-721B14D41D6E}.Debug|x86.ActiveCfg = Debug|Any CPU
		{7FAB4A65-25CE-4C7C-BF6A-721B14D41D6E}.Debug|x86.Build.0 = Debug|Any CPU
		{7FAB4A65-25CE-4C7C-BF6A-721B14D41D6E}.Release|Any CPU.ActiveCfg = Release|Any CPU
		{7FAB4A65-25CE-4C7C-BF6A-721B14D41D6E}.Release|Any CPU.Build.0 = Release|Any CPU
		{7FAB4A65-25CE-4C7C-BF6A-721B14D41D6E}.Release|x64.ActiveCfg = Release|Any CPU
		{7FAB4A65-25CE-4C7C-BF6A-721B14D41D6E}.Release|x64.Build.0 = Release|Any CPU
		{7FAB4A65-25CE-4C7C-BF6A-721B14D41D6E}.Release|x86.ActiveCfg = Release|Any CPU
		{7FAB4A65-25CE-4C7C-BF6A-721B14D41D6E}.Release|x86.Build.0 = Release|Any CPU
	EndGlobalSection
	GlobalSection(SolutionProperties) = preSolution
		HideSolutionNode = FALSE
	EndGlobalSection
EndGlobal
